
Microsoft Visual Studio Solution File, Format Version 12.00
# Visual Studio 15
VisualStudioVersion = 15.0.27703.2042
MinimumVisualStudioVersion = 10.0.40219.1
Project("{FAE04EC0-301F-11D3-BF4B-00C04F79EFBC}") = "testtest", "testtest\testtest.csproj", "{257959CD-25D6-4919-9FFF-8FC184F0DAC8}"
EndProject
Global
	GlobalSection(SolutionConfigurationPlatforms) = preSolution
		Debug|Any CPU = Debug|Any CPU
		Release|Any CPU = Release|Any CPU
	EndGlobalSection
	GlobalSection(ProjectConfigurationPlatforms) = postSolution
		{257959CD-25D6-4919-9FFF-8FC184F0DAC8}.Debug|Any CPU.ActiveCfg = Debug|Any CPU
		{257959CD-25D6-4919-9FFF-8FC184F0DAC8}.Debug|Any CPU.Build.0 = Debug|Any CPU
		{257959CD-25D6-4919-9FFF-8FC184F0DAC8}.Release|Any CPU.ActiveCfg = Release|Any CPU
		{257959CD-25D6-4919-9FFF-8FC184F0DAC8}.Release|Any CPU.Build.0 = Release|Any CPU
	EndGlobalSection
	GlobalSection(SolutionProperties) = preSolution
		HideSolutionNode = FALSE
	EndGlobalSection
	GlobalSection(ExtensibilityGlobals) = postSolution
		SolutionGuid = {D9705A18-4937-4097-87E4-277A4799AA78}
	EndGlobalSection
EndGlobal
